// !$*UTF8*$!
{
	archiveVersion = 1;
	classes = {
	};
	objectVersion = 46;
	objects = {

/* Begin PBXBuildFile section */
		F71666B21DE6B9880053B8D4 /* hom.m in Sources */ = {isa = PBXBuildFile; fileRef = F71666B11DE6B9880053B8D4 /* hom.m */; };
		F7566FC51DE560A3000C6004 /* main.m in Sources */ = {isa = PBXBuildFile; fileRef = F7566FC41DE560A3000C6004 /* main.m */; };
		F7566FC81DE560A3000C6004 /* AppDelegate.m in Sources */ = {isa = PBXBuildFile; fileRef = F7566FC71DE560A3000C6004 /* AppDelegate.m */; };
		F7566FCB1DE560A3000C6004 /* ViewController.m in Sources */ = {isa = PBXBuildFile; fileRef = F7566FCA1DE560A3000C6004 /* ViewController.m */; };
		F7566FCE1DE560A3000C6004 /* Main.storyboard in Resources */ = {isa = PBXBuildFile; fileRef = F7566FCC1DE560A3000C6004 /* Main.storyboard */; };
		F7566FD01DE560A3000C6004 /* Assets.xcassets in Resources */ = {isa = PBXBuildFile; fileRef = F7566FCF1DE560A3000C6004 /* Assets.xcassets */; };
		F7566FD31DE560A4000C6004 /* LaunchScreen.storyboard in Resources */ = {isa = PBXBuildFile; fileRef = F7566FD11DE560A4000C6004 /* LaunchScreen.storyboard */; };
/* End PBXBuildFile section */

/* Begin PBXFileReference section */
		F71666B01DE6B9880053B8D4 /* hom.h */ = {isa = PBXFileReference; fileEncoding = 4; lastKnownFileType = sourcecode.c.h; name = hom.h; path = ../hom.h; sourceTree = "<group>"; };
		F71666B11DE6B9880053B8D4 /* hom.m */ = {isa = PBXFileReference; fileEncoding = 4; lastKnownFileType = sourcecode.c.objc; name = hom.m; path = ../hom.m; sourceTree = "<group>"; };
		F7566FC01DE560A3000C6004 /* DemoSVN.app */ = {isa = PBXFileReference; explicitFileType = wrapper.application; includeInIndex = 0; path = DemoSVN.app; sourceTree = BUILT_PRODUCTS_DIR; };
		F7566FC41DE560A3000C6004 /* main.m */ = {isa = PBXFileReference; lastKnownFileType = sourcecode.c.objc; path = main.m; sourceTree = "<group>"; };
		F7566FC61DE560A3000C6004 /* AppDelegate.h */ = {isa = PBXFileReference; lastKnownFileType = sourcecode.c.h; path = AppDelegate.h; sourceTree = "<group>"; };
		F7566FC71DE560A3000C6004 /* AppDelegate.m */ = {isa = PBXFileReference; lastKnownFileType = sourcecode.c.objc; path = AppDelegate.m; sourceTree = "<group>"; };
		F7566FC91DE560A3000C6004 /* ViewController.h */ = {isa = PBXFileReference; lastKnownFileType = sourcecode.c.h; path = ViewController.h; sourceTree = "<group>"; };
		F7566FCA1DE560A3000C6004 /* ViewController.m */ = {isa = PBXFileReference; lastKnownFileType = sourcecode.c.objc; path = ViewController.m; sourceTree = "<group>"; };
		F7566FCD1DE560A3000C6004 /* Base */ = {isa = PBXFileReference; lastKnownFileType = file.storyboard; name = Base; path = Base.lproj/Main.storyboard; sourceTree = "<group>"; };
		F7566FCF1DE560A3000C6004 /* Assets.xcassets */ = {isa = PBXFileReference; lastKnownFileType = folder.assetcatalog; path = Assets.xcassets; sourceTree = "<group>"; };
		F7566FD21DE560A4000C6004 /* Base */ = {isa = PBXFileReference; lastKnownFileType = file.storyboard; name = Base; path = Base.lproj/LaunchScreen.storyboard; sourceTree = "<group>"; };
		F7566FD41DE560A4000C6004 /* Info.plist */ = {isa = PBXFileReference; lastKnownFileType = text.plist.xml; path = Info.plist; sourceTree = "<group>"; };
/* End PBXFileReference section */

/* Begin PBXFrameworksBuildPhase section */
		F7566FBD1DE560A3000C6004 /* Frameworks */ = {
			isa = PBXFrameworksBuildPhase;
			buildActionMask = 2147483647;
			files = (
			);
			runOnlyForDeploymentPostprocessing = 0;
		};
/* End PBXFrameworksBuildPhase section */

/* Begin PBXGroup section */
		F7566FB71DE560A3000C6004 = {
			isa = PBXGroup;
			children = (
				F7566FC21DE560A3000C6004 /* DemoSVN */,
				F7566FC11DE560A3000C6004 /* Products */,
			);
			sourceTree = "<group>";
		};
		F7566FC11DE560A3000C6004 /* Products */ = {
			isa = PBXGroup;
			children = (
				F7566FC01DE560A3000C6004 /* DemoSVN.app */,
			);
			name = Products;
			sourceTree = "<group>";
		};
		F7566FC21DE560A3000C6004 /* DemoSVN */ = {
			isa = PBXGroup;
			children = (
				F7566FC61DE560A3000C6004 /* AppDelegate.h */,
				F7566FC71DE560A3000C6004 /* AppDelegate.m */,
				F7566FC91DE560A3000C6004 /* ViewController.h */,
				F7566FCA1DE560A3000C6004 /* ViewController.m */,
				F71666B01DE6B9880053B8D4 /* hom.h */,
				F71666B11DE6B9880053B8D4 /* hom.m */,
				F7566FCC1DE560A3000C6004 /* Main.storyboard */,
				F7566FCF1DE560A3000C6004 /* Assets.xcassets */,
				F7566FD11DE560A4000C6004 /* LaunchScreen.storyboard */,
				F7566FD41DE560A4000C6004 /* Info.plist */,
				F7566FC31DE560A3000C6004 /* Supporting Files */,
			);
			path = DemoSVN;
			sourceTree = "<group>";
		};
		F7566FC31DE560A3000C6004 /* Supporting Files */ = {
			isa = PBXGroup;
			children = (
				F7566FC41DE560A3000C6004 /* main.m */,
			);
			name = "Supporting Files";
			sourceTree = "<group>";
		};
/* End PBXGroup section */

/* Begin PBXNativeTarget section */
		F7566FBF1DE560A3000C6004 /* DemoSVN */ = {
			isa = PBXNativeTarget;
			buildConfigurationList = F7566FD71DE560A4000C6004 /* Build configuration list for PBXNativeTarget "DemoSVN" */;
			buildPhases = (
				F7566FBC1DE560A3000C6004 /* Sources */,
				F7566FBD1DE560A3000C6004 /* Frameworks */,
				F7566FBE1DE560A3000C6004 /* Resources */,
			);
			buildRules = (
			);
			dependencies = (
			);
			name = DemoSVN;
			productName = DemoSVN;
			productReference = F7566FC01DE560A3000C6004 /* DemoSVN.app */;
			productType = "com.apple.product-type.application";
		};
/* End PBXNativeTarget section */

/* Begin PBXProject section */
		F7566FB81DE560A3000C6004 /* Project object */ = {
			isa = PBXProject;
			attributes = {
				LastUpgradeCheck = 0730;
				ORGANIZATIONNAME = MTPL;
				TargetAttributes = {
					F7566FBF1DE560A3000C6004 = {
						CreatedOnToolsVersion = 7.3.1;
					};
				};
			};
			buildConfigurationList = F7566FBB1DE560A3000C6004 /* Build configuration list for PBXProject "DemoSVN" */;
			compatibilityVersion = "Xcode 3.2";
			developmentRegion = English;
			hasScannedForEncodings = 0;
			knownRegions = (
				en,
				Base,
			);
			mainGroup = F7566FB71DE560A3000C6004;
			productRefGroup = F7566FC11DE560A3000C6004 /* Products */;
			projectDirPath = "";
			projectRoot = "";
			targets = (
				F7566FBF1DE560A3000C6004 /* DemoSVN */,
			);
		};
/* End PBXProject section */

/* Begin PBXResourcesBuildPhase section */
		F7566FBE1DE560A3000C6004 /* Resources */ = {
			isa = PBXResourcesBuildPhase;
			buildActionMask = 2147483647;
			files = (
				F7566FD31DE560A4000C6004 /* LaunchScreen.storyboard in Resources */,
				F7566FD01DE560A3000C6004 /* Assets.xcassets in Resources */,
				F7566FCE1DE560A3000C6004 /* Main.storyboard in Resources */,
			);
			runOnlyForDeploymentPostprocessing = 0;
		};
/* End PBXResourcesBuildPhase section */

/* Begin PBXSourcesBuildPhase section */
		F7566FBC1DE560A3000C6004 /* Sources */ = {
			isa = PBXSourcesBuildPhase;
			buildActionMask = 2147483647;
			files = (
				F71666B21DE6B9880053B8D4 /* hom.m in Sources */,
				F7566FCB1DE560A3000C6004 /* ViewController.m in Sources */,
				F7566FC81DE560A3000C6004 /* AppDelegate.m in Sources */,
				F7566FC51DE560A3000C6004 /* main.m in Sources */,
			);
			runOnlyForDeploymentPostprocessing = 0;
		};
/* End PBXSourcesBuildPhase section */

/* Begin PBXVariantGroup section */
		F7566FCC1DE560A3000C6004 /* Main.storyboard */ = {
			isa = PBXVariantGroup;
			children = (
				F7566FCD1DE560A3000C6004 /* Base */,
			);
			name = Main.storyboard;
			sourceTree = "<group>";
		};
		F7566FD11DE560A4000C6004 /* LaunchScreen.storyboard */ = {
			isa = PBXVariantGroup;
			children = (
				F7566FD21DE560A4000C6004 /* Base */,
			);
			name = LaunchScreen.storyboard;
			sourceTree = "<group>";
		};
/* End PBXVariantGroup section */

/* Begin XCBuildConfiguration section */
		F7566FD51DE560A4000C6004 /* Debug */ = {
			isa = XCBuildConfiguration;
			buildSettings = {
				ALWAYS_SEARCH_USER_PATHS = NO;
				CLANG_ANALYZER_NONNULL = YES;
				CLANG_CXX_LANGUAGE_STANDARD = "gnu++0x";
				CLANG_CXX_LIBRARY = "libc++";
				CLANG_ENABLE_MODULES = YES;
				CLANG_ENABLE_OBJC_ARC = YES;
				CLANG_WARN_BOOL_CONVERSION = YES;
				CLANG_WARN_CONSTANT_CONVERSION = YES;
				CLANG_WARN_DIRECT_OBJC_ISA_USAGE = YES_ERROR;
				CLANG_WARN_EMPTY_BODY = YES;
				CLANG_WARN_ENUM_CONVERSION = YES;
				CLANG_WARN_INT_CONVERSION = YES;
				CLANG_WARN_OBJC_ROOT_CLASS = YES_ERROR;
				CLANG_WARN_UNREACHABLE_CODE = YES;
				CLANG_WARN__DUPLICATE_METHOD_MATCH = YES;
				"CODE_SIGN_IDENTITY[sdk=iphoneos*]" = "iPhone Developer";
				COPY_PHASE_STRIP = NO;
				DEBUG_INFORMATION_FORMAT = dwarf;
				ENABLE_STRICT_OBJC_MSGSEND = YES;
				ENABLE_TESTABILITY = YES;
				GCC_C_LANGUAGE_STANDARD = gnu99;
				GCC_DYNAMIC_NO_PIC = NO;
				GCC_NO_COMMON_BLOCKS = YES;
				GCC_OPTIMIZATION_LEVEL = 0;
				GCC_PREPROCESSOR_DEFINITIONS = (
					"DEBUG=1",
					"$(inherited)",
				);
				GCC_WARN_64_TO_32_BIT_CONVERSION = YES;
				GCC_WARN_ABOUT_RETURN_TYPE = YES_ERROR;
				GCC_WARN_UNDECLARED_SELECTOR = YES;
				GCC_WARN_UNINITIALIZED_AUTOS = YES_AGGRESSIVE;
				GCC_WARN_UNUSED_FUNCTION = YES;
				GCC_WARN_UNUSED_VARIABLE = YES;
				IPHONEOS_DEPLOYMENT_TARGET = 9.3;
				MTL_ENABLE_DEBUG_INFO = YES;
				ONLY_ACTIVE_ARCH = YES;
				SDKROOT = iphoneos;
			};
			name = Debug;
		};
		F7566FD61DE560A4000C6004 /* Release */ = {
			isa = XCBuildConfiguration;
			buildSettings = {
				ALWAYS_SEARCH_USER_PATHS = NO;
				CLANG_ANALYZER_NONNULL = YES;
				CLANG_CXX_LANGUAGE_STANDARD = "gnu++0x";
				CLANG_CXX_LIBRARY = "libc++";
				CLANG_ENABLE_MODULES = YES;
				CLANG_ENABLE_OBJC_ARC = YES;
				CLANG_WARN_BOOL_CONVERSION = YES;
				CLANG_WARN_CONSTANT_CONVERSION = YES;
				CLANG_WARN_DIRECT_OBJC_ISA_USAGE = YES_ERROR;
				CLANG_WARN_EMPTY_BODY = YES;
				CLANG_WARN_ENUM_CONVERSION = YES;
				CLANG_WARN_INT_CONVERSION = YES;
				CLANG_WARN_OBJC_ROOT_CLASS = YES_ERROR;
				CLANG_WARN_UNREACHABLE_CODE = YES;
				CLANG_WARN__DUPLICATE_METHOD_MATCH = YES;
				"CODE_SIGN_IDENTITY[sdk=iphoneos*]" = "iPhone Developer";
				COPY_PHASE_STRIP = NO;
				DEBUG_INFORMATION_FORMAT = "dwarf-with-dsym";
				ENABLE_NS_ASSERTIONS = NO;
				ENABLE_STRICT_OBJC_MSGSEND = YES;
				GCC_C_LANGUAGE_STANDARD = gnu99;
				GCC_NO_COMMON_BLOCKS = YES;
				GCC_WARN_64_TO_32_BIT_CONVERSION = YES;
				GCC_WARN_ABOUT_RETURN_TYPE = YES_ERROR;
				GCC_WARN_UNDECLARED_SELECTOR = YES;
				GCC_WARN_UNINITIALIZED_AUTOS = YES_AGGRESSIVE;
				GCC_WARN_UNUSED_FUNCTION = YES;
				GCC_WARN_UNUSED_VARIABLE = YES;
				IPHONEOS_DEPLOYMENT_TARGET = 9.3;
				MTL_ENABLE_DEBUG_INFO = NO;
				SDKROOT = iphoneos;
				VALIDATE_PRODUCT = YES;
			};
			name = Release;
		};
		F7566FD81DE560A4000C6004 /* Debug */ = {
			isa = XCBuildConfiguration;
			buildSettings = {
				ASSETCATALOG_COMPILER_APPICON_NAME = AppIcon;
				INFOPLIST_FILE = DemoSVN/Info.plist;
				LD_RUNPATH_SEARCH_PATHS = "$(inherited) @executable_path/Frameworks";
				PRODUCT_BUNDLE_IDENTIFIER = "Mobile-Tutor-Private-Limited.DemoSVN";
				PRODUCT_NAME = "$(TARGET_NAME)";
			};
			name = Debug;
		};
		F7566FD91DE560A4000C6004 /* Release */ = {
			isa = XCBuildConfiguration;
			buildSettings = {
				ASSETCATALOG_COMPILER_APPICON_NAME = AppIcon;
				INFOPLIST_FILE = DemoSVN/Info.plist;
				LD_RUNPATH_SEARCH_PATHS = "$(inherited) @executable_path/Frameworks";
				PRODUCT_BUNDLE_IDENTIFIER = "Mobile-Tutor-Private-Limited.DemoSVN";
				PRODUCT_NAME = "$(TARGET_NAME)";
			};
			name = Release;
		};
/* End XCBuildConfiguration section */

/* Begin XCConfigurationList section */
		F7566FBB1DE560A3000C6004 /* Build configuration list for PBXProject "DemoSVN" */ = {
			isa = XCConfigurationList;
			buildConfigurations = (
				F7566FD51DE560A4000C6004 /* Debug */,
				F7566FD61DE560A4000C6004 /* Release */,
			);
			defaultConfigurationIsVisible = 0;
			defaultConfigurationName = Release;
		};
		F7566FD71DE560A4000C6004 /* Build configuration list for PBXNativeTarget "DemoSVN" */ = {
			isa = XCConfigurationList;
			buildConfigurations = (
				F7566FD81DE560A4000C6004 /* Debug */,
				F7566FD91DE560A4000C6004 /* Release */,
			);
			defaultConfigurationIsVisible = 0;
			defaultConfigurationName = Release;
		};
/* End XCConfigurationList section */
	};
	rootObject = F7566FB81DE560A3000C6004 /* Project object */;
}
